# This file was autogenerated by uv via the following command:
#    uv pip compile pyproject.toml -o requirements.lock
annotated-types==0.7.0
    # via pydantic
pydantic==2.12.5
    # via
    #   pipeline (pyproject.toml)
    #   pydantic-settings
pydantic-core==2.41.5
    # via pydantic
pydantic-settings==2.13.0
    # via pipeline (pyproject.toml)
python-dotenv==1.2.1
    # via pydantic-settings
typing-extensions==4.15.0
    # via
    #   pydantic
    #   pydantic-core
    #   typing-inspection
typing-inspection==0.4.2
    # via
    #   pydantic
    #   pydantic-settings
